<?xml version="1.0" encoding="utf-8"?>
<Project ToolsVersion="4.0" xmlns="http://schemas.microsoft.com/developer/msbuild/2003">
  <ItemGroup>
    <Filter Include="Source Files">
      <UniqueIdentifier>{4FC737F1-C7A5-4376-A066-2A32D752A2FF}</UniqueIdentifier>
      <Extensions>cpp;c;cc;cxx;c++;cppm;ixx;def;odl;idl;hpj;bat;asm;asmx</Extensions>
    </Filter>
    <Filter Include="Header Files">
      <UniqueIdentifier>{93995380-89BD-4b04-88EB-625FBE52EBFB}</UniqueIdentifier>
      <Extensions>h;hh;hpp;hxx;h++;hm;inl;inc;ipp;xsd</Extensions>
    </Filter>
    <Filter Include="Resource Files">
      <UniqueIdentifier>{67DA6AB6-F800-4c08-8B7A-83BB121AAD01}</UniqueIdentifier>
      <Extensions>rc;ico;cur;bmp;dlg;rc2;rct;bin;rgs;gif;jpg;jpeg;jpe;resx;tiff;tif;png;wav;mfcribbon-ms</Extensions>
    </Filter>
  </ItemGroup>
  <ItemGroup>
    <ClCompile Include="haval.c">
      <Filter>Source Files</Filter>
    </ClCompile>
    <ClCompile Include="keygen.c">
      <Filter>Source Files</Filter>
    </ClCompile>
    <ClCompile Include="keygen_asis.c">
      <Filter>Source Files</Filter>
    </ClCompile>
    <ClCompile Include="keygen_hex.c">
      <Filter>Source Files</Filter>
    </ClCompile>
    <ClCompile Include="keygen_mcrypt.c">
      <Filter>Source Files</Filter>
    </ClCompile>
    <ClCompile Include="keygen_s2k.c">
      <Filter>Source Files</Filter>
    </ClCompile>
    <ClCompile Include="md2.c">
      <Filter>Source Files</Filter>
    </ClCompile>
    <ClCompile Include="md4.c">
      <Filter>Source Files</Filter>
    </ClCompile>
    <ClCompile Include="md5.c">
      <Filter>Source Files</Filter>
    </ClCompile>
    <ClCompile Include="mhash.c">
      <Filter>Source Files</Filter>
    </ClCompile>
    <ClCompile Include="ripemd.c">
      <Filter>Source Files</Filter>
    </ClCompile>
    <ClCompile Include="sha1.c">
      <Filter>Source Files</Filter>
    </ClCompile>
    <ClCompile Include="sha256.c">
      <Filter>Source Files</Filter>
    </ClCompile>
    <ClCompile Include="sha256_sha224.c">
      <Filter>Source Files</Filter>
    </ClCompile>
    <ClCompile Include="sha512_sha384.c">
      <Filter>Source Files</Filter>
    </ClCompile>
    <ClCompile Include="snefru.c">
      <Filter>Source Files</Filter>
    </ClCompile>
    <ClCompile Include="stdfns.c">
      <Filter>Source Files</Filter>
    </ClCompile>
    <ClCompile Include="tiger.c">
      <Filter>Source Files</Filter>
    </ClCompile>
    <ClCompile Include="tiger_sboxes.c">
      <Filter>Source Files</Filter>
    </ClCompile>
    <ClCompile Include="whirlpool.c">
      <Filter>Source Files</Filter>
    </ClCompile>
    <ClCompile Include="adler32.c">
      <Filter>Source Files</Filter>
    </ClCompile>
    <ClCompile Include="crc32.c">
      <Filter>Source Files</Filter>
    </ClCompile>
    <ClCompile Include="gosthash.c">
      <Filter>Source Files</Filter>
    </ClCompile>
  </ItemGroup>
  <ItemGroup>
    <ClInclude Include="keygen.h">
      <Filter>Header Files</Filter>
    </ClInclude>
    <ClInclude Include="libdefs.h">
      <Filter>Header Files</Filter>
    </ClInclude>
    <ClInclude Include="mhash_adler32.h">
      <Filter>Header Files</Filter>
    </ClInclude>
    <ClInclude Include="mhash_crc32.h">
      <Filter>Header Files</Filter>
    </ClInclude>
    <ClInclude Include="mhash_gost.h">
      <Filter>Header Files</Filter>
    </ClInclude>
    <ClInclude Include="mhash_haval.h">
      <Filter>Header Files</Filter>
    </ClInclude>
    <ClInclude Include="mhash_int.h">
      <Filter>Header Files</Filter>
    </ClInclude>
    <ClInclude Include="mhash_md2.h">
      <Filter>Header Files</Filter>
    </ClInclude>
    <ClInclude Include="mhash_md4.h">
      <Filter>Header Files</Filter>
    </ClInclude>
    <ClInclude Include="mhash_md5.h">
      <Filter>Header Files</Filter>
    </ClInclude>
    <ClInclude Include="mhash_ripemd.h">
      <Filter>Header Files</Filter>
    </ClInclude>
    <ClInclude Include="mhash_sha1.h">
      <Filter>Header Files</Filter>
    </ClInclude>
    <ClInclude Include="mhash_sha256.h">
      <Filter>Header Files</Filter>
    </ClInclude>
    <ClInclude Include="mhash_sha256_sha224.h">
      <Filter>Header Files</Filter>
    </ClInclude>
    <ClInclude Include="mhash_sha512_sha384.h">
      <Filter>Header Files</Filter>
    </ClInclude>
    <ClInclude Include="mhash_snefru.h">
      <Filter>Header Files</Filter>
    </ClInclude>
    <ClInclude Include="mhash_tiger.h">
      <Filter>Header Files</Filter>
    </ClInclude>
    <ClInclude Include="mhash_whirlpool.h">
      <Filter>Header Files</Filter>
    </ClInclude>
  </ItemGroup>
  <ItemGroup>
    <None Include="libmhash.def">
      <Filter>Source Files</Filter>
    </None>
  </ItemGroup>
</Project>